
Microsoft Visual Studio Solution File, Format Version 12.00
# Visual Studio Version 17
VisualStudioVersion = 17.0.32014.148
MinimumVisualStudioVersion = 10.0.40219.1
Project("{FAE04EC0-301F-11D3-BF4B-00C04F79EFBC}") = "XReminder", "XReminder\XReminder.csproj", "{63C4803B-BCE0-4C4A-A2B0-C061AB4CEC3D}"
EndProject
Global
	GlobalSection(SolutionConfigurationPlatforms) = preSolution
		Debug|Any CPU = Debug|Any CPU
		Release|Any CPU = Release|Any CPU
	EndGlobalSection
	GlobalSection(ProjectConfigurationPlatforms) = postSolution
		{63C4803B-BCE0-4C4A-A2B0-C061AB4CEC3D}.Debug|Any CPU.ActiveCfg = Debug|Any CPU
		{63C4803B-BCE0-4C4A-A2B0-C061AB4CEC3D}.Debug|Any CPU.Build.0 = Debug|Any CPU
		{63C4803B-BCE0-4C4A-A2B0-C061AB4CEC3D}.Release|Any CPU.ActiveCfg = Release|Any CPU
		{63C4803B-BCE0-4C4A-A2B0-C061AB4CEC3D}.Release|Any CPU.Build.0 = Release|Any CPU
	EndGlobalSection
	GlobalSection(SolutionProperties) = preSolution
		HideSolutionNode = FALSE
	EndGlobalSection
	GlobalSection(ExtensibilityGlobals) = postSolution
		SolutionGuid = {705E956F-6D45-4895-AB80-8B7811F4355F}
	EndGlobalSection
EndGlobal
